
Microsoft Visual Studio Solution File, Format Version 12.00
# Visual Studio Version 16
VisualStudioVersion = 16.0.30523.141
MinimumVisualStudioVersion = 10.0.40219.1
Project("{FAE04EC0-301F-11D3-BF4B-00C04F79EFBC}") = "Test_Quest_New_Technologies", "Test_Quest_New_Technologies\Test_Quest_New_Technologies.csproj", "{BA65A112-9FD8-4B94-8741-684E256FD5A7}"
EndProject
Global
	GlobalSection(SolutionConfigurationPlatforms) = preSolution
		Debug|Any CPU = Debug|Any CPU
		Release|Any CPU = Release|Any CPU
	EndGlobalSection
	GlobalSection(ProjectConfigurationPlatforms) = postSolution
		{BA65A112-9FD8-4B94-8741-684E256FD5A7}.Debug|Any CPU.ActiveCfg = Debug|Any CPU
		{BA65A112-9FD8-4B94-8741-684E256FD5A7}.Debug|Any CPU.Build.0 = Debug|Any CPU
		{BA65A112-9FD8-4B94-8741-684E256FD5A7}.Release|Any CPU.ActiveCfg = Release|Any CPU
		{BA65A112-9FD8-4B94-8741-684E256FD5A7}.Release|Any CPU.Build.0 = Release|Any CPU
	EndGlobalSection
	GlobalSection(SolutionProperties) = preSolution
		HideSolutionNode = FALSE
	EndGlobalSection
	GlobalSection(ExtensibilityGlobals) = postSolution
		SolutionGuid = {5537313B-46B0-486E-9FC8-DEC42F033CAA}
	EndGlobalSection
EndGlobal
